// !$*UTF8*$!
{
	archiveVersion = 1;
	classes = {
	};
	objectVersion = 50;
	objects = {

/* Begin PBXBuildFile section */
		6E7C9A8B219C8B9800548780 /* randomWords.txt in Resources */ = {isa = PBXBuildFile; fileRef = 6E7C9A8A219C8B9800548780 /* randomWords.txt */; };
		6E7C9A8D219CA1FC00548780 /* Settings.swift in Sources */ = {isa = PBXBuildFile; fileRef = 6E7C9A8C219CA1FC00548780 /* Settings.swift */; };
		6E7C9A8F219CB54800548780 /* NavigationController.swift in Sources */ = {isa = PBXBuildFile; fileRef = 6E7C9A8E219CB54800548780 /* NavigationController.swift */; };
		6E89EA4B219C240A00F7E7CC /* AppDelegate.swift in Sources */ = {isa = PBXBuildFile; fileRef = 6E89EA4A219C240A00F7E7CC /* AppDelegate.swift */; };
		6E89EA50219C240A00F7E7CC /* Main.storyboard in Resources */ = {isa = PBXBuildFile; fileRef = 6E89EA4E219C240A00F7E7CC /* Main.storyboard */; };
		6E89EA52219C240B00F7E7CC /* Assets.xcassets in Resources */ = {isa = PBXBuildFile; fileRef = 6E89EA51219C240B00F7E7CC /* Assets.xcassets */; };
		6E89EA55219C240B00F7E7CC /* LaunchScreen.storyboard in Resources */ = {isa = PBXBuildFile; fileRef = 6E89EA53219C240B00F7E7CC /* LaunchScreen.storyboard */; };
		6E89EA5D219C248A00F7E7CC /* WordSelectionTableViewController.swift in Sources */ = {isa = PBXBuildFile; fileRef = 6E89EA5C219C248A00F7E7CC /* WordSelectionTableViewController.swift */; };
		6E89EA5F219C249A00F7E7CC /* MainGameTableViewController.swift in Sources */ = {isa = PBXBuildFile; fileRef = 6E89EA5E219C249A00F7E7CC /* MainGameTableViewController.swift */; };
		6E89EA61219C257B00F7E7CC /* HighscoreCounter.swift in Sources */ = {isa = PBXBuildFile; fileRef = 6E89EA60219C257B00F7E7CC /* HighscoreCounter.swift */; };
		6E89EA63219C386300F7E7CC /* Highscore.swift in Sources */ = {isa = PBXBuildFile; fileRef = 6E89EA62219C386300F7E7CC /* Highscore.swift */; };
/* End PBXBuildFile section */

/* Begin PBXFileReference section */
		6E7C9A8A219C8B9800548780 /* randomWords.txt */ = {isa = PBXFileReference; fileEncoding = 4; lastKnownFileType = text; path = randomWords.txt; sourceTree = "<group>"; };
		6E7C9A8C219CA1FC00548780 /* Settings.swift */ = {isa = PBXFileReference; lastKnownFileType = sourcecode.swift; path = Settings.swift; sourceTree = "<group>"; };
		6E7C9A8E219CB54800548780 /* NavigationController.swift */ = {isa = PBXFileReference; lastKnownFileType = sourcecode.swift; path = NavigationController.swift; sourceTree = "<group>"; };
		6E89EA47219C240A00F7E7CC /* Anagrams.app */ = {isa = PBXFileReference; explicitFileType = wrapper.application; includeInIndex = 0; path = Anagrams.app; sourceTree = BUILT_PRODUCTS_DIR; };
		6E89EA4A219C240A00F7E7CC /* AppDelegate.swift */ = {isa = PBXFileReference; lastKnownFileType = sourcecode.swift; path = AppDelegate.swift; sourceTree = "<group>"; };
		6E89EA4F219C240A00F7E7CC /* Base */ = {isa = PBXFileReference; lastKnownFileType = file.storyboard; name = Base; path = Base.lproj/Main.storyboard; sourceTree = "<group>"; };
		6E89EA51219C240B00F7E7CC /* Assets.xcassets */ = {isa = PBXFileReference; lastKnownFileType = folder.assetcatalog; path = Assets.xcassets; sourceTree = "<group>"; };
		6E89EA54219C240B00F7E7CC /* Base */ = {isa = PBXFileReference; lastKnownFileType = file.storyboard; name = Base; path = Base.lproj/LaunchScreen.storyboard; sourceTree = "<group>"; };
		6E89EA56219C240B00F7E7CC /* Info.plist */ = {isa = PBXFileReference; lastKnownFileType = text.plist.xml; path = Info.plist; sourceTree = "<group>"; };
		6E89EA5C219C248A00F7E7CC /* WordSelectionTableViewController.swift */ = {isa = PBXFileReference; lastKnownFileType = sourcecode.swift; path = WordSelectionTableViewController.swift; sourceTree = "<group>"; };
		6E89EA5E219C249A00F7E7CC /* MainGameTableViewController.swift */ = {isa = PBXFileReference; lastKnownFileType = sourcecode.swift; path = MainGameTableViewController.swift; sourceTree = "<group>"; };
		6E89EA60219C257B00F7E7CC /* HighscoreCounter.swift */ = {isa = PBXFileReference; lastKnownFileType = sourcecode.swift; path = HighscoreCounter.swift; sourceTree = "<group>"; };
		6E89EA62219C386300F7E7CC /* Highscore.swift */ = {isa = PBXFileReference; lastKnownFileType = sourcecode.swift; path = Highscore.swift; sourceTree = "<group>"; };
/* End PBXFileReference section */

/* Begin PBXFrameworksBuildPhase section */
		6E89EA44219C240A00F7E7CC /* Frameworks */ = {
			isa = PBXFrameworksBuildPhase;
			buildActionMask = 2147483647;
			files = (
			);
			runOnlyForDeploymentPostprocessing = 0;
		};
/* End PBXFrameworksBuildPhase section */

/* Begin PBXGroup section */
		6E89EA3E219C240A00F7E7CC = {
			isa = PBXGroup;
			children = (
				6E89EA49219C240A00F7E7CC /* Anagrams */,
				6E89EA48219C240A00F7E7CC /* Products */,
			);
			sourceTree = "<group>";
		};
		6E89EA48219C240A00F7E7CC /* Products */ = {
			isa = PBXGroup;
			children = (
				6E89EA47219C240A00F7E7CC /* Anagrams.app */,
			);
			name = Products;
			sourceTree = "<group>";
		};
		6E89EA49219C240A00F7E7CC /* Anagrams */ = {
			isa = PBXGroup;
			children = (
				6E89EA4A219C240A00F7E7CC /* AppDelegate.swift */,
				6E89EA4E219C240A00F7E7CC /* Main.storyboard */,
				6E89EA5E219C249A00F7E7CC /* MainGameTableViewController.swift */,
				6E7C9A8E219CB54800548780 /* NavigationController.swift */,
				6E89EA5C219C248A00F7E7CC /* WordSelectionTableViewController.swift */,
				6E7C9A8C219CA1FC00548780 /* Settings.swift */,
				6E89EA60219C257B00F7E7CC /* HighscoreCounter.swift */,
				6E89EA62219C386300F7E7CC /* Highscore.swift */,
				6E89EA51219C240B00F7E7CC /* Assets.xcassets */,
				6E89EA53219C240B00F7E7CC /* LaunchScreen.storyboard */,
				6E7C9A8A219C8B9800548780 /* randomWords.txt */,
				6E89EA56219C240B00F7E7CC /* Info.plist */,
			);
			path = Anagrams;
			sourceTree = "<group>";
		};
/* End PBXGroup section */

/* Begin PBXNativeTarget section */
		6E89EA46219C240A00F7E7CC /* Anagrams */ = {
			isa = PBXNativeTarget;
			buildConfigurationList = 6E89EA59219C240B00F7E7CC /* Build configuration list for PBXNativeTarget "Anagrams" */;
			buildPhases = (
				6E89EA43219C240A00F7E7CC /* Sources */,
				6E89EA44219C240A00F7E7CC /* Frameworks */,
				6E89EA45219C240A00F7E7CC /* Resources */,
			);
			buildRules = (
			);
			dependencies = (
			);
			name = Anagrams;
			productName = Anagrams;
			productReference = 6E89EA47219C240A00F7E7CC /* Anagrams.app */;
			productType = "com.apple.product-type.application";
		};
/* End PBXNativeTarget section */

/* Begin PBXProject section */
		6E89EA3F219C240A00F7E7CC /* Project object */ = {
			isa = PBXProject;
			attributes = {
				LastSwiftUpdateCheck = 1010;
				LastUpgradeCheck = 1010;
				ORGANIZATIONNAME = Flavia;
				TargetAttributes = {
					6E89EA46219C240A00F7E7CC = {
						CreatedOnToolsVersion = 10.1;
					};
				};
			};
			buildConfigurationList = 6E89EA42219C240A00F7E7CC /* Build configuration list for PBXProject "Anagrams" */;
			compatibilityVersion = "Xcode 9.3";
			developmentRegion = en;
			hasScannedForEncodings = 0;
			knownRegions = (
				en,
				Base,
			);
			mainGroup = 6E89EA3E219C240A00F7E7CC;
			productRefGroup = 6E89EA48219C240A00F7E7CC /* Products */;
			projectDirPath = "";
			projectRoot = "";
			targets = (
				6E89EA46219C240A00F7E7CC /* Anagrams */,
			);
		};
/* End PBXProject section */

/* Begin PBXResourcesBuildPhase section */
		6E89EA45219C240A00F7E7CC /* Resources */ = {
			isa = PBXResourcesBuildPhase;
			buildActionMask = 2147483647;
			files = (
				6E89EA55219C240B00F7E7CC /* LaunchScreen.storyboard in Resources */,
				6E7C9A8B219C8B9800548780 /* randomWords.txt in Resources */,
				6E89EA52219C240B00F7E7CC /* Assets.xcassets in Resources */,
				6E89EA50219C240A00F7E7CC /* Main.storyboard in Resources */,
			);
			runOnlyForDeploymentPostprocessing = 0;
		};
/* End PBXResourcesBuildPhase section */

/* Begin PBXSourcesBuildPhase section */
		6E89EA43219C240A00F7E7CC /* Sources */ = {
			isa = PBXSourcesBuildPhase;
			buildActionMask = 2147483647;
			files = (
				6E7C9A8D219CA1FC00548780 /* Settings.swift in Sources */,
				6E89EA5D219C248A00F7E7CC /* WordSelectionTableViewController.swift in Sources */,
				6E89EA61219C257B00F7E7CC /* HighscoreCounter.swift in Sources */,
				6E89EA4B219C240A00F7E7CC /* AppDelegate.swift in Sources */,
				6E89EA5F219C249A00F7E7CC /* MainGameTableViewController.swift in Sources */,
				6E7C9A8F219CB54800548780 /* NavigationController.swift in Sources */,
				6E89EA63219C386300F7E7CC /* Highscore.swift in Sources */,
			);
			runOnlyForDeploymentPostprocessing = 0;
		};
/* End PBXSourcesBuildPhase section */

/* Begin PBXVariantGroup section */
		6E89EA4E219C240A00F7E7CC /* Main.storyboard */ = {
			isa = PBXVariantGroup;
			children = (
				6E89EA4F219C240A00F7E7CC /* Base */,
			);
			name = Main.storyboard;
			sourceTree = "<group>";
		};
		6E89EA53219C240B00F7E7CC /* LaunchScreen.storyboard */ = {
			isa = PBXVariantGroup;
			children = (
				6E89EA54219C240B00F7E7CC /* Base */,
			);
			name = LaunchScreen.storyboard;
			sourceTree = "<group>";
		};
/* End PBXVariantGroup section */

/* Begin XCBuildConfiguration section */
		6E89EA57219C240B00F7E7CC /* Debug */ = {
			isa = XCBuildConfiguration;
			buildSettings = {
				ALWAYS_SEARCH_USER_PATHS = NO;
				CLANG_ANALYZER_NONNULL = YES;
				CLANG_ANALYZER_NUMBER_OBJECT_CONVERSION = YES_AGGRESSIVE;
				CLANG_CXX_LANGUAGE_STANDARD = "gnu++14";
				CLANG_CXX_LIBRARY = "libc++";
				CLANG_ENABLE_MODULES = YES;
				CLANG_ENABLE_OBJC_ARC = YES;
				CLANG_ENABLE_OBJC_WEAK = YES;
				CLANG_WARN_BLOCK_CAPTURE_AUTORELEASING = YES;
				CLANG_WARN_BOOL_CONVERSION = YES;
				CLANG_WARN_COMMA = YES;
				CLANG_WARN_CONSTANT_CONVERSION = YES;
				CLANG_WARN_DEPRECATED_OBJC_IMPLEMENTATIONS = YES;
				CLANG_WARN_DIRECT_OBJC_ISA_USAGE = YES_ERROR;
				CLANG_WARN_DOCUMENTATION_COMMENTS = YES;
				CLANG_WARN_EMPTY_BODY = YES;
				CLANG_WARN_ENUM_CONVERSION = YES;
				CLANG_WARN_INFINITE_RECURSION = YES;
				CLANG_WARN_INT_CONVERSION = YES;
				CLANG_WARN_NON_LITERAL_NULL_CONVERSION = YES;
				CLANG_WARN_OBJC_IMPLICIT_RETAIN_SELF = YES;
				CLANG_WARN_OBJC_LITERAL_CONVERSION = YES;
				CLANG_WARN_OBJC_ROOT_CLASS = YES_ERROR;
				CLANG_WARN_RANGE_LOOP_ANALYSIS = YES;
				CLANG_WARN_STRICT_PROTOTYPES = YES;
				CLANG_WARN_SUSPICIOUS_MOVE = YES;
				CLANG_WARN_UNGUARDED_AVAILABILITY = YES_AGGRESSIVE;
				CLANG_WARN_UNREACHABLE_CODE = YES;
				CLANG_WARN__DUPLICATE_METHOD_MATCH = YES;
				CODE_SIGN_IDENTITY = "iPhone Developer";
				COPY_PHASE_STRIP = NO;
				DEBUG_INFORMATION_FORMAT = dwarf;
				ENABLE_STRICT_OBJC_MSGSEND = YES;
				ENABLE_TESTABILITY = YES;
				GCC_C_LANGUAGE_STANDARD = gnu11;
				GCC_DYNAMIC_NO_PIC = NO;
				GCC_NO_COMMON_BLOCKS = YES;
				GCC_OPTIMIZATION_LEVEL = 0;
				GCC_PREPROCESSOR_DEFINITIONS = (
					"DEBUG=1",
					"$(inherited)",
				);
				GCC_WARN_64_TO_32_BIT_CONVERSION = YES;
				GCC_WARN_ABOUT_RETURN_TYPE = YES_ERROR;
				GCC_WARN_UNDECLARED_SELECTOR = YES;
				GCC_WARN_UNINITIALIZED_AUTOS = YES_AGGRESSIVE;
				GCC_WARN_UNUSED_FUNCTION = YES;
				GCC_WARN_UNUSED_VARIABLE = YES;
				IPHONEOS_DEPLOYMENT_TARGET = 12.1;
				MTL_ENABLE_DEBUG_INFO = INCLUDE_SOURCE;
				MTL_FAST_MATH = YES;
				ONLY_ACTIVE_ARCH = YES;
				SDKROOT = iphoneos;
				SWIFT_ACTIVE_COMPILATION_CONDITIONS = DEBUG;
				SWIFT_OPTIMIZATION_LEVEL = "-Onone";
			};
			name = Debug;
		};
		6E89EA58219C240B00F7E7CC /* Release */ = {
			isa = XCBuildConfiguration;
			buildSettings = {
				ALWAYS_SEARCH_USER_PATHS = NO;
				CLANG_ANALYZER_NONNULL = YES;
				CLANG_ANALYZER_NUMBER_OBJECT_CONVERSION = YES_AGGRESSIVE;
				CLANG_CXX_LANGUAGE_STANDARD = "gnu++14";
				CLANG_CXX_LIBRARY = "libc++";
				CLANG_ENABLE_MODULES = YES;
				CLANG_ENABLE_OBJC_ARC = YES;
				CLANG_ENABLE_OBJC_WEAK = YES;
				CLANG_WARN_BLOCK_CAPTURE_AUTORELEASING = YES;
				CLANG_WARN_BOOL_CONVERSION = YES;
				CLANG_WARN_COMMA = YES;
				CLANG_WARN_CONSTANT_CONVERSION = YES;
				CLANG_WARN_DEPRECATED_OBJC_IMPLEMENTATIONS = YES;
				CLANG_WARN_DIRECT_OBJC_ISA_USAGE = YES_ERROR;
				CLANG_WARN_DOCUMENTATION_COMMENTS = YES;
				CLANG_WARN_EMPTY_BODY = YES;
				CLANG_WARN_ENUM_CONVERSION = YES;
				CLANG_WARN_INFINITE_RECURSION = YES;
				CLANG_WARN_INT_CONVERSION = YES;
				CLANG_WARN_NON_LITERAL_NULL_CONVERSION = YES;
				CLANG_WARN_OBJC_IMPLICIT_RETAIN_SELF = YES;
				CLANG_WARN_OBJC_LITERAL_CONVERSION = YES;
				CLANG_WARN_OBJC_ROOT_CLASS = YES_ERROR;
				CLANG_WARN_RANGE_LOOP_ANALYSIS = YES;
				CLANG_WARN_STRICT_PROTOTYPES = YES;
				CLANG_WARN_SUSPICIOUS_MOVE = YES;
				CLANG_WARN_UNGUARDED_AVAILABILITY = YES_AGGRESSIVE;
				CLANG_WARN_UNREACHABLE_CODE = YES;
				CLANG_WARN__DUPLICATE_METHOD_MATCH = YES;
				CODE_SIGN_IDENTITY = "iPhone Developer";
				COPY_PHASE_STRIP = NO;
				DEBUG_INFORMATION_FORMAT = "dwarf-with-dsym";
				ENABLE_NS_ASSERTIONS = NO;
				ENABLE_STRICT_OBJC_MSGSEND = YES;
				GCC_C_LANGUAGE_STANDARD = gnu11;
				GCC_NO_COMMON_BLOCKS = YES;
				GCC_WARN_64_TO_32_BIT_CONVERSION = YES;
				GCC_WARN_ABOUT_RETURN_TYPE = YES_ERROR;
				GCC_WARN_UNDECLARED_SELECTOR = YES;
				GCC_WARN_UNINITIALIZED_AUTOS = YES_AGGRESSIVE;
				GCC_WARN_UNUSED_FUNCTION = YES;
				GCC_WARN_UNUSED_VARIABLE = YES;
				IPHONEOS_DEPLOYMENT_TARGET = 12.1;
				MTL_ENABLE_DEBUG_INFO = NO;
				MTL_FAST_MATH = YES;
				SDKROOT = iphoneos;
				SWIFT_COMPILATION_MODE = wholemodule;
				SWIFT_OPTIMIZATION_LEVEL = "-O";
				VALIDATE_PRODUCT = YES;
			};
			name = Release;
		};
		6E89EA5A219C240B00F7E7CC /* Debug */ = {
			isa = XCBuildConfiguration;
			buildSettings = {
				ASSETCATALOG_COMPILER_APPICON_NAME = AppIcon;
				CODE_SIGN_STYLE = Automatic;
				DEVELOPMENT_TEAM = Y2Q85S2T2M;
				INFOPLIST_FILE = Anagrams/Info.plist;
				LD_RUNPATH_SEARCH_PATHS = (
					"$(inherited)",
					"@executable_path/Frameworks",
				);
				PRODUCT_BUNDLE_IDENTIFIER = com.flaviabrogle.Anagrams;
				PRODUCT_NAME = "$(TARGET_NAME)";
				SWIFT_VERSION = 4.2;
				TARGETED_DEVICE_FAMILY = "1,2";
			};
			name = Debug;
		};
		6E89EA5B219C240B00F7E7CC /* Release */ = {
			isa = XCBuildConfiguration;
			buildSettings = {
				ASSETCATALOG_COMPILER_APPICON_NAME = AppIcon;
				CODE_SIGN_STYLE = Automatic;
				DEVELOPMENT_TEAM = Y2Q85S2T2M;
				INFOPLIST_FILE = Anagrams/Info.plist;
				LD_RUNPATH_SEARCH_PATHS = (
					"$(inherited)",
					"@executable_path/Frameworks",
				);
				PRODUCT_BUNDLE_IDENTIFIER = com.flaviabrogle.Anagrams;
				PRODUCT_NAME = "$(TARGET_NAME)";
				SWIFT_VERSION = 4.2;
				TARGETED_DEVICE_FAMILY = "1,2";
			};
			name = Release;
		};
/* End XCBuildConfiguration section */

/* Begin XCConfigurationList section */
		6E89EA42219C240A00F7E7CC /* Build configuration list for PBXProject "Anagrams" */ = {
			isa = XCConfigurationList;
			buildConfigurations = (
				6E89EA57219C240B00F7E7CC /* Debug */,
				6E89EA58219C240B00F7E7CC /* Release */,
			);
			defaultConfigurationIsVisible = 0;
			defaultConfigurationName = Release;
		};
		6E89EA59219C240B00F7E7CC /* Build configuration list for PBXNativeTarget "Anagrams" */ = {
			isa = XCConfigurationList;
			buildConfigurations = (
				6E89EA5A219C240B00F7E7CC /* Debug */,
				6E89EA5B219C240B00F7E7CC /* Release */,
			);
			defaultConfigurationIsVisible = 0;
			defaultConfigurationName = Release;
		};
/* End XCConfigurationList section */
	};
	rootObject = 6E89EA3F219C240A00F7E7CC /* Project object */;
}
